// !$*UTF8*$!
{
	archiveVersion = 1;
	classes = {
	};
	objectVersion = 50;
	objects = {

/* Begin PBXBuildFile section */
		AA23FBA623117D40002A3558 /* AppDelegate.m in Sources */ = {isa = PBXBuildFile; fileRef = AA23FBA523117D40002A3558 /* AppDelegate.m */; };
		AA23FBA923117D40002A3558 /* ViewController.m in Sources */ = {isa = PBXBuildFile; fileRef = AA23FBA823117D40002A3558 /* ViewController.m */; };
		AA23FBAC23117D40002A3558 /* Main.storyboard in Resources */ = {isa = PBXBuildFile; fileRef = AA23FBAA23117D40002A3558 /* Main.storyboard */; };
		AA23FBAE23117D41002A3558 /* Assets.xcassets in Resources */ = {isa = PBXBuildFile; fileRef = AA23FBAD23117D41002A3558 /* Assets.xcassets */; };
		AA23FBB123117D41002A3558 /* LaunchScreen.storyboard in Resources */ = {isa = PBXBuildFile; fileRef = AA23FBAF23117D41002A3558 /* LaunchScreen.storyboard */; };
		AA23FBB423117D41002A3558 /* main.m in Sources */ = {isa = PBXBuildFile; fileRef = AA23FBB323117D41002A3558 /* main.m */; };
/* End PBXBuildFile section */

/* Begin PBXFileReference section */
		AA23FBA123117D40002A3558 /* ObjcLiveCycle.app */ = {isa = PBXFileReference; explicitFileType = wrapper.application; includeInIndex = 0; path = ObjcLiveCycle.app; sourceTree = BUILT_PRODUCTS_DIR; };
		AA23FBA423117D40002A3558 /* AppDelegate.h */ = {isa = PBXFileReference; lastKnownFileType = sourcecode.c.h; path = AppDelegate.h; sourceTree = "<group>"; };
		AA23FBA523117D40002A3558 /* AppDelegate.m */ = {isa = PBXFileReference; lastKnownFileType = sourcecode.c.objc; path = AppDelegate.m; sourceTree = "<group>"; };
		AA23FBA723117D40002A3558 /* ViewController.h */ = {isa = PBXFileReference; lastKnownFileType = sourcecode.c.h; path = ViewController.h; sourceTree = "<group>"; };
		AA23FBA823117D40002A3558 /* ViewController.m */ = {isa = PBXFileReference; lastKnownFileType = sourcecode.c.objc; path = ViewController.m; sourceTree = "<group>"; };
		AA23FBAB23117D40002A3558 /* Base */ = {isa = PBXFileReference; lastKnownFileType = file.storyboard; name = Base; path = Base.lproj/Main.storyboard; sourceTree = "<group>"; };
		AA23FBAD23117D41002A3558 /* Assets.xcassets */ = {isa = PBXFileReference; lastKnownFileType = folder.assetcatalog; path = Assets.xcassets; sourceTree = "<group>"; };
		AA23FBB023117D41002A3558 /* Base */ = {isa = PBXFileReference; lastKnownFileType = file.storyboard; name = Base; path = Base.lproj/LaunchScreen.storyboard; sourceTree = "<group>"; };
		AA23FBB223117D41002A3558 /* Info.plist */ = {isa = PBXFileReference; lastKnownFileType = text.plist.xml; path = Info.plist; sourceTree = "<group>"; };
		AA23FBB323117D41002A3558 /* main.m */ = {isa = PBXFileReference; lastKnownFileType = sourcecode.c.objc; path = main.m; sourceTree = "<group>"; };
/* End PBXFileReference section */

/* Begin PBXFrameworksBuildPhase section */
		AA23FB9E23117D40002A3558 /* Frameworks */ = {
			isa = PBXFrameworksBuildPhase;
			buildActionMask = 2147483647;
			files = (
			);
			runOnlyForDeploymentPostprocessing = 0;
		};
/* End PBXFrameworksBuildPhase section */

/* Begin PBXGroup section */
		AA23FB9823117D40002A3558 = {
			isa = PBXGroup;
			children = (
				AA23FBA323117D40002A3558 /* ObjcLiveCycle */,
				AA23FBA223117D40002A3558 /* Products */,
			);
			sourceTree = "<group>";
		};
		AA23FBA223117D40002A3558 /* Products */ = {
			isa = PBXGroup;
			children = (
				AA23FBA123117D40002A3558 /* ObjcLiveCycle.app */,
			);
			name = Products;
			sourceTree = "<group>";
		};
		AA23FBA323117D40002A3558 /* ObjcLiveCycle */ = {
			isa = PBXGroup;
			children = (
				AA23FBA423117D40002A3558 /* AppDelegate.h */,
				AA23FBA523117D40002A3558 /* AppDelegate.m */,
				AA23FBA723117D40002A3558 /* ViewController.h */,
				AA23FBA823117D40002A3558 /* ViewController.m */,
				AA23FBAA23117D40002A3558 /* Main.storyboard */,
				AA23FBAD23117D41002A3558 /* Assets.xcassets */,
				AA23FBAF23117D41002A3558 /* LaunchScreen.storyboard */,
				AA23FBB223117D41002A3558 /* Info.plist */,
				AA23FBB323117D41002A3558 /* main.m */,
			);
			path = ObjcLiveCycle;
			sourceTree = "<group>";
		};
/* End PBXGroup section */

/* Begin PBXNativeTarget section */
		AA23FBA023117D40002A3558 /* ObjcLiveCycle */ = {
			isa = PBXNativeTarget;
			buildConfigurationList = AA23FBB723117D41002A3558 /* Build configuration list for PBXNativeTarget "ObjcLiveCycle" */;
			buildPhases = (
				AA23FB9D23117D40002A3558 /* Sources */,
				AA23FB9E23117D40002A3558 /* Frameworks */,
				AA23FB9F23117D40002A3558 /* Resources */,
			);
			buildRules = (
			);
			dependencies = (
			);
			name = ObjcLiveCycle;
			productName = ObjcLiveCycle;
			productReference = AA23FBA123117D40002A3558 /* ObjcLiveCycle.app */;
			productType = "com.apple.product-type.application";
		};
/* End PBXNativeTarget section */

/* Begin PBXProject section */
		AA23FB9923117D40002A3558 /* Project object */ = {
			isa = PBXProject;
			attributes = {
				LastUpgradeCheck = 1030;
				ORGANIZATIONNAME = Iv;
				TargetAttributes = {
					AA23FBA023117D40002A3558 = {
						CreatedOnToolsVersion = 10.3;
					};
				};
			};
			buildConfigurationList = AA23FB9C23117D40002A3558 /* Build configuration list for PBXProject "ObjcLiveCycle" */;
			compatibilityVersion = "Xcode 9.3";
			developmentRegion = en;
			hasScannedForEncodings = 0;
			knownRegions = (
				en,
				Base,
			);
			mainGroup = AA23FB9823117D40002A3558;
			productRefGroup = AA23FBA223117D40002A3558 /* Products */;
			projectDirPath = "";
			projectRoot = "";
			targets = (
				AA23FBA023117D40002A3558 /* ObjcLiveCycle */,
			);
		};
/* End PBXProject section */

/* Begin PBXResourcesBuildPhase section */
		AA23FB9F23117D40002A3558 /* Resources */ = {
			isa = PBXResourcesBuildPhase;
			buildActionMask = 2147483647;
			files = (
				AA23FBB123117D41002A3558 /* LaunchScreen.storyboard in Resources */,
				AA23FBAE23117D41002A3558 /* Assets.xcassets in Resources */,
				AA23FBAC23117D40002A3558 /* Main.storyboard in Resources */,
			);
			runOnlyForDeploymentPostprocessing = 0;
		};
/* End PBXResourcesBuildPhase section */

/* Begin PBXSourcesBuildPhase section */
		AA23FB9D23117D40002A3558 /* Sources */ = {
			isa = PBXSourcesBuildPhase;
			buildActionMask = 2147483647;
			files = (
				AA23FBA923117D40002A3558 /* ViewController.m in Sources */,
				AA23FBB423117D41002A3558 /* main.m in Sources */,
				AA23FBA623117D40002A3558 /* AppDelegate.m in Sources */,
			);
			runOnlyForDeploymentPostprocessing = 0;
		};
/* End PBXSourcesBuildPhase section */

/* Begin PBXVariantGroup section */
		AA23FBAA23117D40002A3558 /* Main.storyboard */ = {
			isa = PBXVariantGroup;
			children = (
				AA23FBAB23117D40002A3558 /* Base */,
			);
			name = Main.storyboard;
			sourceTree = "<group>";
		};
		AA23FBAF23117D41002A3558 /* LaunchScreen.storyboard */ = {
			isa = PBXVariantGroup;
			children = (
				AA23FBB023117D41002A3558 /* Base */,
			);
			name = LaunchScreen.storyboard;
			sourceTree = "<group>";
		};
/* End PBXVariantGroup section */

/* Begin XCBuildConfiguration section */
		AA23FBB523117D41002A3558 /* Debug */ = {
			isa = XCBuildConfiguration;
			buildSettings = {
				ALWAYS_SEARCH_USER_PATHS = NO;
				CLANG_ANALYZER_NONNULL = YES;
				CLANG_ANALYZER_NUMBER_OBJECT_CONVERSION = YES_AGGRESSIVE;
				CLANG_CXX_LANGUAGE_STANDARD = "gnu++14";
				CLANG_CXX_LIBRARY = "libc++";
				CLANG_ENABLE_MODULES = YES;
				CLANG_ENABLE_OBJC_ARC = YES;
				CLANG_ENABLE_OBJC_WEAK = YES;
				CLANG_WARN_BLOCK_CAPTURE_AUTORELEASING = YES;
				CLANG_WARN_BOOL_CONVERSION = YES;
				CLANG_WARN_COMMA = YES;
				CLANG_WARN_CONSTANT_CONVERSION = YES;
				CLANG_WARN_DEPRECATED_OBJC_IMPLEMENTATIONS = YES;
				CLANG_WARN_DIRECT_OBJC_ISA_USAGE = YES_ERROR;
				CLANG_WARN_DOCUMENTATION_COMMENTS = YES;
				CLANG_WARN_EMPTY_BODY = YES;
				CLANG_WARN_ENUM_CONVERSION = YES;
				CLANG_WARN_INFINITE_RECURSION = YES;
				CLANG_WARN_INT_CONVERSION = YES;
				CLANG_WARN_NON_LITERAL_NULL_CONVERSION = YES;
				CLANG_WARN_OBJC_IMPLICIT_RETAIN_SELF = YES;
				CLANG_WARN_OBJC_LITERAL_CONVERSION = YES;
				CLANG_WARN_OBJC_ROOT_CLASS = YES_ERROR;
				CLANG_WARN_RANGE_LOOP_ANALYSIS = YES;
				CLANG_WARN_STRICT_PROTOTYPES = YES;
				CLANG_WARN_SUSPICIOUS_MOVE = YES;
				CLANG_WARN_UNGUARDED_AVAILABILITY = YES_AGGRESSIVE;
				CLANG_WARN_UNREACHABLE_CODE = YES;
				CLANG_WARN__DUPLICATE_METHOD_MATCH = YES;
				CODE_SIGN_IDENTITY = "iPhone Developer";
				COPY_PHASE_STRIP = NO;
				DEBUG_INFORMATION_FORMAT = dwarf;
				ENABLE_STRICT_OBJC_MSGSEND = YES;
				ENABLE_TESTABILITY = YES;
				GCC_C_LANGUAGE_STANDARD = gnu11;
				GCC_DYNAMIC_NO_PIC = NO;
				GCC_NO_COMMON_BLOCKS = YES;
				GCC_OPTIMIZATION_LEVEL = 0;
				GCC_PREPROCESSOR_DEFINITIONS = (
					"DEBUG=1",
					"$(inherited)",
				);
				GCC_WARN_64_TO_32_BIT_CONVERSION = YES;
				GCC_WARN_ABOUT_RETURN_TYPE = YES_ERROR;
				GCC_WARN_UNDECLARED_SELECTOR = YES;
				GCC_WARN_UNINITIALIZED_AUTOS = YES_AGGRESSIVE;
				GCC_WARN_UNUSED_FUNCTION = YES;
				GCC_WARN_UNUSED_VARIABLE = YES;
				IPHONEOS_DEPLOYMENT_TARGET = 12.4;
				MTL_ENABLE_DEBUG_INFO = INCLUDE_SOURCE;
				MTL_FAST_MATH = YES;
				ONLY_ACTIVE_ARCH = YES;
				SDKROOT = iphoneos;
			};
			name = Debug;
		};
		AA23FBB623117D41002A3558 /* Release */ = {
			isa = XCBuildConfiguration;
			buildSettings = {
				ALWAYS_SEARCH_USER_PATHS = NO;
				CLANG_ANALYZER_NONNULL = YES;
				CLANG_ANALYZER_NUMBER_OBJECT_CONVERSION = YES_AGGRESSIVE;
				CLANG_CXX_LANGUAGE_STANDARD = "gnu++14";
				CLANG_CXX_LIBRARY = "libc++";
				CLANG_ENABLE_MODULES = YES;
				CLANG_ENABLE_OBJC_ARC = YES;
				CLANG_ENABLE_OBJC_WEAK = YES;
				CLANG_WARN_BLOCK_CAPTURE_AUTORELEASING = YES;
				CLANG_WARN_BOOL_CONVERSION = YES;
				CLANG_WARN_COMMA = YES;
				CLANG_WARN_CONSTANT_CONVERSION = YES;
				CLANG_WARN_DEPRECATED_OBJC_IMPLEMENTATIONS = YES;
				CLANG_WARN_DIRECT_OBJC_ISA_USAGE = YES_ERROR;
				CLANG_WARN_DOCUMENTATION_COMMENTS = YES;
				CLANG_WARN_EMPTY_BODY = YES;
				CLANG_WARN_ENUM_CONVERSION = YES;
				CLANG_WARN_INFINITE_RECURSION = YES;
				CLANG_WARN_INT_CONVERSION = YES;
				CLANG_WARN_NON_LITERAL_NULL_CONVERSION = YES;
				CLANG_WARN_OBJC_IMPLICIT_RETAIN_SELF = YES;
				CLANG_WARN_OBJC_LITERAL_CONVERSION = YES;
				CLANG_WARN_OBJC_ROOT_CLASS = YES_ERROR;
				CLANG_WARN_RANGE_LOOP_ANALYSIS = YES;
				CLANG_WARN_STRICT_PROTOTYPES = YES;
				CLANG_WARN_SUSPICIOUS_MOVE = YES;
				CLANG_WARN_UNGUARDED_AVAILABILITY = YES_AGGRESSIVE;
				CLANG_WARN_UNREACHABLE_CODE = YES;
				CLANG_WARN__DUPLICATE_METHOD_MATCH = YES;
				CODE_SIGN_IDENTITY = "iPhone Developer";
				COPY_PHASE_STRIP = NO;
				DEBUG_INFORMATION_FORMAT = "dwarf-with-dsym";
				ENABLE_NS_ASSERTIONS = NO;
				ENABLE_STRICT_OBJC_MSGSEND = YES;
				GCC_C_LANGUAGE_STANDARD = gnu11;
				GCC_NO_COMMON_BLOCKS = YES;
				GCC_WARN_64_TO_32_BIT_CONVERSION = YES;
				GCC_WARN_ABOUT_RETURN_TYPE = YES_ERROR;
				GCC_WARN_UNDECLARED_SELECTOR = YES;
				GCC_WARN_UNINITIALIZED_AUTOS = YES_AGGRESSIVE;
				GCC_WARN_UNUSED_FUNCTION = YES;
				GCC_WARN_UNUSED_VARIABLE = YES;
				IPHONEOS_DEPLOYMENT_TARGET = 12.4;
				MTL_ENABLE_DEBUG_INFO = NO;
				MTL_FAST_MATH = YES;
				SDKROOT = iphoneos;
				VALIDATE_PRODUCT = YES;
			};
			name = Release;
		};
		AA23FBB823117D41002A3558 /* Debug */ = {
			isa = XCBuildConfiguration;
			buildSettings = {
				ASSETCATALOG_COMPILER_APPICON_NAME = AppIcon;
				CODE_SIGN_STYLE = Automatic;
				DEVELOPMENT_TEAM = 77ZCAQB7LG;
				INFOPLIST_FILE = ObjcLiveCycle/Info.plist;
				LD_RUNPATH_SEARCH_PATHS = (
					"$(inherited)",
					"@executable_path/Frameworks",
				);
				PRODUCT_BUNDLE_IDENTIFIER = Iv.ObjcLiveCycle;
				PRODUCT_NAME = "$(TARGET_NAME)";
				TARGETED_DEVICE_FAMILY = "1,2";
			};
			name = Debug;
		};
		AA23FBB923117D41002A3558 /* Release */ = {
			isa = XCBuildConfiguration;
			buildSettings = {
				ASSETCATALOG_COMPILER_APPICON_NAME = AppIcon;
				CODE_SIGN_STYLE = Automatic;
				DEVELOPMENT_TEAM = 77ZCAQB7LG;
				INFOPLIST_FILE = ObjcLiveCycle/Info.plist;
				LD_RUNPATH_SEARCH_PATHS = (
					"$(inherited)",
					"@executable_path/Frameworks",
				);
				PRODUCT_BUNDLE_IDENTIFIER = Iv.ObjcLiveCycle;
				PRODUCT_NAME = "$(TARGET_NAME)";
				TARGETED_DEVICE_FAMILY = "1,2";
			};
			name = Release;
		};
/* End XCBuildConfiguration section */

/* Begin XCConfigurationList section */
		AA23FB9C23117D40002A3558 /* Build configuration list for PBXProject "ObjcLiveCycle" */ = {
			isa = XCConfigurationList;
			buildConfigurations = (
				AA23FBB523117D41002A3558 /* Debug */,
				AA23FBB623117D41002A3558 /* Release */,
			);
			defaultConfigurationIsVisible = 0;
			defaultConfigurationName = Release;
		};
		AA23FBB723117D41002A3558 /* Build configuration list for PBXNativeTarget "ObjcLiveCycle" */ = {
			isa = XCConfigurationList;
			buildConfigurations = (
				AA23FBB823117D41002A3558 /* Debug */,
				AA23FBB923117D41002A3558 /* Release */,
			);
			defaultConfigurationIsVisible = 0;
			defaultConfigurationName = Release;
		};
/* End XCConfigurationList section */
	};
	rootObject = AA23FB9923117D40002A3558 /* Project object */;
}
